# This file is automatically @generated by Cargo.
# It is not intended for manual editing.
[[package]]
name = "apodize"
version = "1.0.0"
source = "registry+https://github.com/rust-lang/crates.io-index"
checksum = "fca387cdc0a1f9c7a7c26556d584aa2d07fc529843082e4861003cde4ab914ed"

[[package]]
name = "autocfg"
version = "1.0.0"
source = "registry+https://github.com/rust-lang/crates.io-index"
checksum = "f8aac770f1885fd7e387acedd76065302551364496e46b3dd00860b2f8359b9d"

[[package]]
name = "bitflags"
version = "0.8.2"
source = "registry+https://github.com/rust-lang/crates.io-index"
checksum = "1370e9fc2a6ae53aea8b7a5110edbd08836ed87c88736dfabccade1c2b44bff4"

[[package]]
name = "ladspa"
version = "0.3.4"
source = "registry+https://github.com/rust-lang/crates.io-index"
checksum = "6197e2fb8a3da99eca216e9689b47465b23cfe09e1a1ddc720fa1acdd54aa267"
dependencies = [
 "bitflags",
 "libc",
 "vec_map",
]

[[package]]
name = "libc"
version = "0.2.67"
source = "registry+https://github.com/rust-lang/crates.io-index"
checksum = "eb147597cdf94ed43ab7a9038716637d2d1bf2bc571da995d0028dec06bd3018"

[[package]]
name = "num-complex"
version = "0.2.4"
source = "registry+https://github.com/rust-lang/crates.io-index"
checksum = "b6b19411a9719e753aff12e5187b74d60d3dc449ec3f4dc21e3989c3f554bc95"
dependencies = [
 "autocfg",
 "num-traits",
]

[[package]]
name = "num-integer"
version = "0.1.42"
source = "registry+https://github.com/rust-lang/crates.io-index"
checksum = "3f6ea62e9d81a77cd3ee9a2a5b9b609447857f3d358704331e4ef39eb247fcba"
dependencies = [
 "autocfg",
 "num-traits",
]

[[package]]
name = "num-traits"
version = "0.2.11"
source = "registry+https://github.com/rust-lang/crates.io-index"
checksum = "c62be47e61d1842b9170f0fdeec8eba98e60e90e5446449a0545e5152acd7096"
dependencies = [
 "autocfg",
]

[[package]]
name = "phase_vocoder"
version = "1.0.0"
dependencies = [
 "ladspa",
 "pvoc-plugins",
]

[[package]]
name = "pvoc"
version = "0.1.5"
source = "registry+https://github.com/rust-lang/crates.io-index"
checksum = "37d315bdfdb15aff6c0d28e391cf9dcddafd1e646bc50d45efd49bb82e0b9111"
dependencies = [
 "apodize",
 "rustfft",
]

[[package]]
name = "pvoc-plugins"
version = "0.1.0"
source = "git+https://github.com/nwoeanhinnogaehr/pvoc-plugins?rev=3a87c2756cddf92c00d6caf79c107528e41fd9db#3a87c2756cddf92c00d6caf79c107528e41fd9db"
dependencies = [
 "ladspa",
 "pvoc",
]

[[package]]
name = "rustfft"
version = "3.0.1"
source = "registry+https://github.com/rust-lang/crates.io-index"
checksum = "77008ed59a8923c8b4ac2e5eaa6d28fbe893d3b9515098a4a5fc7767d6430fe5"
dependencies = [
 "num-complex",
 "num-integer",
 "num-traits",
 "strength_reduce",
 "transpose",
]

[[package]]
name = "strength_reduce"
version = "0.2.3"
source = "registry+https://github.com/rust-lang/crates.io-index"
checksum = "a3ff2f71c82567c565ba4b3009a9350a96a7269eaa4001ebedae926230bc2254"

[[package]]
name = "transpose"
version = "0.1.0"
source = "registry+https://github.com/rust-lang/crates.io-index"
checksum = "643e21580bb0627c7bb09e5cedbb42c8705b19d012de593ed6b0309270b3cd1e"

[[package]]
name = "vec_map"
version = "0.7.0"
source = "registry+https://github.com/rust-lang/crates.io-index"
checksum = "f8cdc8b93bd0198ed872357fb2e667f7125646b1762f16d60b2c96350d361897"
