<?xml version="1.0" encoding="utf-8"?>
<Project ToolsVersion="4.0" xmlns="http://schemas.microsoft.com/developer/msbuild/2003">
  <ItemGroup>
    <Filter Include="Source Files">
      <UniqueIdentifier>{4FC737F1-C7A5-4376-A066-2A32D752A2FF}</UniqueIdentifier>
      <Extensions>cpp;c;cc;cxx;def;odl;idl;hpj;bat;asm;asmx</Extensions>
    </Filter>
    <Filter Include="Header Files">
      <UniqueIdentifier>{93995380-89BD-4b04-88EB-625FBE52EBFB}</UniqueIdentifier>
      <Extensions>h;hpp;hxx;hm;inl;inc;xsd</Extensions>
    </Filter>
    <Filter Include="Resource Files">
      <UniqueIdentifier>{67DA6AB6-F800-4c08-8B7A-83BB121AAD01}</UniqueIdentifier>
      <Extensions>rc;ico;cur;bmp;dlg;rc2;rct;bin;rgs;gif;jpg;jpeg;jpe;resx;tiff;tif;png;wav;mfcribbon-ms</Extensions>
    </Filter>
    <Filter Include="Ultrabassoon">
      <UniqueIdentifier>{a9aff72e-9180-4a10-b57f-73322e1128f9}</UniqueIdentifier>
    </Filter>
  </ItemGroup>
  <ItemGroup>
    <ClCompile Include="main.cpp">
      <Filter>Ultrabassoon</Filter>
    </ClCompile>
    <ClCompile Include="..\ASIOSDK2\common\asio.cpp">
      <Filter>Source Files</Filter>
    </ClCompile>
    <ClCompile Include="..\ASIOSDK2\host\asiodrivers.cpp">
      <Filter>Source Files</Filter>
    </ClCompile>
    <ClCompile Include="..\ASIOSDK2\host\pc\asiolist.cpp">
      <Filter>Source Files</Filter>
    </ClCompile>
    <ClCompile Include="..\portaudio\src\common\pa_allocation.c">
      <Filter>Source Files</Filter>
    </ClCompile>
    <ClCompile Include="..\portaudio\src\hostapi\asio\pa_asio.cpp">
      <Filter>Source Files</Filter>
    </ClCompile>
    <ClCompile Include="..\portaudio\src\common\pa_converters.c">
      <Filter>Source Files</Filter>
    </ClCompile>
    <ClCompile Include="..\portaudio\src\common\pa_cpuload.c">
      <Filter>Source Files</Filter>
    </ClCompile>
    <ClCompile Include="..\portaudio\src\common\pa_dither.c">
      <Filter>Source Files</Filter>
    </ClCompile>
    <ClCompile Include="..\portaudio\src\common\pa_front.c">
      <Filter>Source Files</Filter>
    </ClCompile>
    <ClCompile Include="..\portaudio\src\common\pa_process.c">
      <Filter>Source Files</Filter>
    </ClCompile>
    <ClCompile Include="..\portaudio\src\common\pa_ringbuffer.c">
      <Filter>Source Files</Filter>
    </ClCompile>
    <ClCompile Include="..\portaudio\src\common\pa_stream.c">
      <Filter>Source Files</Filter>
    </ClCompile>
    <ClCompile Include="..\portaudio\src\common\pa_trace.c">
      <Filter>Source Files</Filter>
    </ClCompile>
    <ClCompile Include="..\portaudio\src\os\win\pa_win_hostapis.c">
      <Filter>Source Files</Filter>
    </ClCompile>
    <ClCompile Include="..\portaudio\src\os\win\pa_win_util.c">
      <Filter>Source Files</Filter>
    </ClCompile>
    <ClCompile Include="..\portaudio\src\os\win\pa_win_waveformat.c">
      <Filter>Source Files</Filter>
    </ClCompile>
    <ClCompile Include="..\portaudio\src\os\win\pa_x86_plain_converters.c">
      <Filter>Source Files</Filter>
    </ClCompile>
    <ClCompile Include="sdlgraphics.cpp">
      <Filter>Source Files</Filter>
    </ClCompile>
  </ItemGroup>
  <ItemGroup>
    <ClInclude Include="sdlgraphics.hpp">
      <Filter>Header Files</Filter>
    </ClInclude>
    <ClInclude Include="signalProcessor.hpp">
      <Filter>Header Files</Filter>
    </ClInclude>
  </ItemGroup>
</Project>